
Microsoft Visual Studio Solution File, Format Version 11.00
# Visual Studio 2010
Project("{FAE04EC0-301F-11D3-BF4B-00C04F79EFBC}") = "Assembly-CSharp", "Assembly-CSharp.csproj", "{58076ba4-ba51-692d-ce86-06c6e6e78258}"
EndProject
Project("{FAE04EC0-301F-11D3-BF4B-00C04F79EFBC}") = "Assembly-CSharp-Editor", "Assembly-CSharp-Editor.csproj", "{e8c5dd6c-bee3-f39f-5f89-3089b55e4d7d}"
EndProject
Global
	GlobalSection(SolutionConfigurationPlatforms) = preSolution
		Debug|Any CPU = Debug|Any CPU
	EndGlobalSection
	GlobalSection(ProjectConfigurationPlatforms) = postSolution
		{58076ba4-ba51-692d-ce86-06c6e6e78258}.Debug|Any CPU.ActiveCfg = Debug|Any CPU
		{58076ba4-ba51-692d-ce86-06c6e6e78258}.Debug|Any CPU.Build.0 = Debug|Any CPU
		{e8c5dd6c-bee3-f39f-5f89-3089b55e4d7d}.Debug|Any CPU.ActiveCfg = Debug|Any CPU
		{e8c5dd6c-bee3-f39f-5f89-3089b55e4d7d}.Debug|Any CPU.Build.0 = Debug|Any CPU
	EndGlobalSection
	GlobalSection(SolutionProperties) = preSolution
		HideSolutionNode = FALSE
	EndGlobalSection
EndGlobal
